
Microsoft Visual Studio Solution File, Format Version 12.00
# Visual Studio Version 17
VisualStudioVersion = 17.5.002.0
MinimumVisualStudioVersion = 10.0.40219.1
Project("{9A19103F-16F7-4668-BE54-9A1E7A4F7556}") = "c-sharp", "c-sharp.csproj", "{55FA4BBC-4EE6-481A-ADD3-48B0B3651BE9}"
EndProject
Global
	GlobalSection(SolutionConfigurationPlatforms) = preSolution
		Debug|Any CPU = Debug|Any CPU
		Release|Any CPU = Release|Any CPU
	EndGlobalSection
	GlobalSection(ProjectConfigurationPlatforms) = postSolution
		{55FA4BBC-4EE6-481A-ADD3-48B0B3651BE9}.Debug|Any CPU.ActiveCfg = Debug|Any CPU
		{55FA4BBC-4EE6-481A-ADD3-48B0B3651BE9}.Debug|Any CPU.Build.0 = Debug|Any CPU
		{55FA4BBC-4EE6-481A-ADD3-48B0B3651BE9}.Release|Any CPU.ActiveCfg = Release|Any CPU
		{55FA4BBC-4EE6-481A-ADD3-48B0B3651BE9}.Release|Any CPU.Build.0 = Release|Any CPU
	EndGlobalSection
	GlobalSection(SolutionProperties) = preSolution
		HideSolutionNode = FALSE
	EndGlobalSection
	GlobalSection(ExtensibilityGlobals) = postSolution
		SolutionGuid = {12195FCC-DCF9-4375-BB83-F33460A856F7}
	EndGlobalSection
EndGlobal
